
Microsoft Visual Studio Solution File, Format Version 12.00
# Visual Studio 14
VisualStudioVersion = 14.0.23107.0
MinimumVisualStudioVersion = 10.0.40219.1
Project("{FAE04EC0-301F-11D3-BF4B-00C04F79EFBC}") = "Mvc_ControlePedido", "Mvc_ControlePedido\Mvc_ControlePedido.csproj", "{62E3148B-8E5F-4C25-A76C-49E047ADBE2B}"
EndProject
Project("{FAE04EC0-301F-11D3-BF4B-00C04F79EFBC}") = "DataBase", "DataBase\DataBase.csproj", "{40FDBC8A-5720-429D-B11A-B2F5896E24F6}"
EndProject
Project("{FAE04EC0-301F-11D3-BF4B-00C04F79EFBC}") = "Business", "Business\Business.csproj", "{990233A0-8AD2-448A-9358-E1014BFF1283}"
EndProject
Global
	GlobalSection(SolutionConfigurationPlatforms) = preSolution
		Debug|Any CPU = Debug|Any CPU
		Release|Any CPU = Release|Any CPU
	EndGlobalSection
	GlobalSection(ProjectConfigurationPlatforms) = postSolution
		{62E3148B-8E5F-4C25-A76C-49E047ADBE2B}.Debug|Any CPU.ActiveCfg = Debug|Any CPU
		{62E3148B-8E5F-4C25-A76C-49E047ADBE2B}.Debug|Any CPU.Build.0 = Debug|Any CPU
		{62E3148B-8E5F-4C25-A76C-49E047ADBE2B}.Release|Any CPU.ActiveCfg = Release|Any CPU
		{62E3148B-8E5F-4C25-A76C-49E047ADBE2B}.Release|Any CPU.Build.0 = Release|Any CPU
		{40FDBC8A-5720-429D-B11A-B2F5896E24F6}.Debug|Any CPU.ActiveCfg = Debug|Any CPU
		{40FDBC8A-5720-429D-B11A-B2F5896E24F6}.Debug|Any CPU.Build.0 = Debug|Any CPU
		{40FDBC8A-5720-429D-B11A-B2F5896E24F6}.Release|Any CPU.ActiveCfg = Release|Any CPU
		{40FDBC8A-5720-429D-B11A-B2F5896E24F6}.Release|Any CPU.Build.0 = Release|Any CPU
		{990233A0-8AD2-448A-9358-E1014BFF1283}.Debug|Any CPU.ActiveCfg = Debug|Any CPU
		{990233A0-8AD2-448A-9358-E1014BFF1283}.Debug|Any CPU.Build.0 = Debug|Any CPU
		{990233A0-8AD2-448A-9358-E1014BFF1283}.Release|Any CPU.ActiveCfg = Release|Any CPU
		{990233A0-8AD2-448A-9358-E1014BFF1283}.Release|Any CPU.Build.0 = Release|Any CPU
	EndGlobalSection
	GlobalSection(SolutionProperties) = preSolution
		HideSolutionNode = FALSE
	EndGlobalSection
EndGlobal
